
Microsoft Visual Studio Solution File, Format Version 12.00
# Visual Studio Version 17
VisualStudioVersion = 17.4.33213.308
MinimumVisualStudioVersion = 10.0.40219.1
Project("{FAE04EC0-301F-11D3-BF4B-00C04F79EFBC}") = "TreeViewTest", "TreeViewTest\TreeViewTest.csproj", "{6F4488C2-B498-42EA-9082-6B1FF5424398}"
EndProject
Global
	GlobalSection(SolutionConfigurationPlatforms) = preSolution
		Debug|Any CPU = Debug|Any CPU
		Release|Any CPU = Release|Any CPU
	EndGlobalSection
	GlobalSection(ProjectConfigurationPlatforms) = postSolution
		{6F4488C2-B498-42EA-9082-6B1FF5424398}.Debug|Any CPU.ActiveCfg = Debug|Any CPU
		{6F4488C2-B498-42EA-9082-6B1FF5424398}.Debug|Any CPU.Build.0 = Debug|Any CPU
		{6F4488C2-B498-42EA-9082-6B1FF5424398}.Release|Any CPU.ActiveCfg = Release|Any CPU
		{6F4488C2-B498-42EA-9082-6B1FF5424398}.Release|Any CPU.Build.0 = Release|Any CPU
	EndGlobalSection
	GlobalSection(SolutionProperties) = preSolution
		HideSolutionNode = FALSE
	EndGlobalSection
	GlobalSection(ExtensibilityGlobals) = postSolution
		SolutionGuid = {F0109E3C-062C-4323-B5A9-CA5C7A95EB25}
	EndGlobalSection
EndGlobal
